
Microsoft Visual Studio Solution File, Format Version 12.00
# Visual Studio 2012
Project("{FAE04EC0-301F-11D3-BF4B-00C04F79EFBC}") = "CVBascoo", "CVBascoo\CVBascoo.csproj", "{E0533611-B075-4FB5-AE65-6F4F720D651C}"
EndProject
Project("{FAE04EC0-301F-11D3-BF4B-00C04F79EFBC}") = "WindowsFormsApplication1", "WindowsFormsApplication1\WindowsFormsApplication1.csproj", "{94E95FBE-2417-4F7A-928D-3B9B6419BDFE}"
EndProject
Project("{FAE04EC0-301F-11D3-BF4B-00C04F79EFBC}") = "WindowsFormsApplication2", "WindowsFormsApplication2\WindowsFormsApplication2.csproj", "{72FACD9D-B5F7-40E9-B5E6-180D50091040}"
EndProject
Global
	GlobalSection(SolutionConfigurationPlatforms) = preSolution
		Debug|Any CPU = Debug|Any CPU
		Release|Any CPU = Release|Any CPU
	EndGlobalSection
	GlobalSection(ProjectConfigurationPlatforms) = postSolution
		{E0533611-B075-4FB5-AE65-6F4F720D651C}.Debug|Any CPU.ActiveCfg = Debug|Any CPU
		{E0533611-B075-4FB5-AE65-6F4F720D651C}.Debug|Any CPU.Build.0 = Debug|Any CPU
		{E0533611-B075-4FB5-AE65-6F4F720D651C}.Release|Any CPU.ActiveCfg = Release|Any CPU
		{E0533611-B075-4FB5-AE65-6F4F720D651C}.Release|Any CPU.Build.0 = Release|Any CPU
		{94E95FBE-2417-4F7A-928D-3B9B6419BDFE}.Debug|Any CPU.ActiveCfg = Debug|Any CPU
		{94E95FBE-2417-4F7A-928D-3B9B6419BDFE}.Debug|Any CPU.Build.0 = Debug|Any CPU
		{94E95FBE-2417-4F7A-928D-3B9B6419BDFE}.Release|Any CPU.ActiveCfg = Release|Any CPU
		{94E95FBE-2417-4F7A-928D-3B9B6419BDFE}.Release|Any CPU.Build.0 = Release|Any CPU
		{72FACD9D-B5F7-40E9-B5E6-180D50091040}.Debug|Any CPU.ActiveCfg = Debug|Any CPU
		{72FACD9D-B5F7-40E9-B5E6-180D50091040}.Debug|Any CPU.Build.0 = Debug|Any CPU
		{72FACD9D-B5F7-40E9-B5E6-180D50091040}.Release|Any CPU.ActiveCfg = Release|Any CPU
		{72FACD9D-B5F7-40E9-B5E6-180D50091040}.Release|Any CPU.Build.0 = Release|Any CPU
	EndGlobalSection
	GlobalSection(SolutionProperties) = preSolution
		HideSolutionNode = FALSE
	EndGlobalSection
EndGlobal
